# This file is generated by running "yarn install" inside your project.
# Manual changes might be lost - proceed with caution!

__metadata:
  version: 5
  cacheKey: 8

"ansi-regex@npm:^2.0.0":
  version: 2.1.1
  resolution: "ansi-regex@npm:2.1.1"
  checksum: 190abd03e4ff86794f338a31795d262c1dfe8c91f7e01d04f13f646f1dcb16c5800818f886047876f1272f065570ab86b24b99089f8b68a0e11ff19aed4ca8f1
  languageName: node
  linkType: hard

"bluebird@npm:^3.3.5":
  version: 3.7.2
  resolution: "bluebird@npm:3.7.2"
  checksum: 869417503c722e7dc54ca46715f70e15f4d9c602a423a02c825570862d12935be59ed9c7ba34a9b31f186c017c23cac6b54e35446f8353059c101da73eac22ef
  languageName: node
  linkType: hard

"buffer-writer@npm:2.0.0":
  version: 2.0.0
  resolution: "buffer-writer@npm:2.0.0"
  checksum: 11736b48bb75106c52ca8ec9f025e7c1b3b25ce31875f469d7210eabd5c576c329e34f6b805d4a8d605ff3f0db1e16342328802c4c963e9c826b0e43a4e631c2
  languageName: node
  linkType: hard

"camelcase@npm:^3.0.0":
  version: 3.0.0
  resolution: "camelcase@npm:3.0.0"
  checksum: ae4fe1c17c8442a3a345a6b7d2393f028ab7a7601af0c352ad15d1ab97ca75112e19e29c942b2a214898e160194829b68923bce30e018d62149c6d84187f1673
  languageName: node
  linkType: hard

"cbpgm@workspace:.":
  version: 0.0.0-use.local
  resolution: "cbpgm@workspace:."
  dependencies:
    lodash: ^4.17.21
    pg: ^8.5.1
    pgtools: ^0.3.1
  bin:
    cbpgm: cli.js
  languageName: unknown
  linkType: soft

"cliui@npm:^3.2.0":
  version: 3.2.0
  resolution: "cliui@npm:3.2.0"
  dependencies:
    string-width: ^1.0.1
    strip-ansi: ^3.0.1
    wrap-ansi: ^2.0.0
  checksum: c68d1dbc3e347bfe79ed19cc7f48007d5edd6cd8438342e32073e0b4e311e3c44e1f4f19221462bc6590de56c2df520e427533a9dde95dee25710bec322746ad
  languageName: node
  linkType: hard

"code-point-at@npm:^1.0.0":
  version: 1.1.0
  resolution: "code-point-at@npm:1.1.0"
  checksum: 17d5666611f9b16d64fdf48176d9b7fb1c7d1c1607a189f7e600040a11a6616982876af148230336adb7d8fe728a559f743a4e29db3747e3b1a32fa7f4529681
  languageName: node
  linkType: hard

"decamelize@npm:^1.1.1":
  version: 1.2.0
  resolution: "decamelize@npm:1.2.0"
  checksum: ad8c51a7e7e0720c70ec2eeb1163b66da03e7616d7b98c9ef43cce2416395e84c1e9548dd94f5f6ffecfee9f8b94251fc57121a8b021f2ff2469b2bae247b8aa
  languageName: node
  linkType: hard

"error-ex@npm:^1.2.0":
  version: 1.3.2
  resolution: "error-ex@npm:1.3.2"
  dependencies:
    is-arrayish: ^0.2.1
  checksum: c1c2b8b65f9c91b0f9d75f0debaa7ec5b35c266c2cac5de412c1a6de86d4cbae04ae44e510378cb14d032d0645a36925d0186f8bb7367bcc629db256b743a001
  languageName: node
  linkType: hard

"find-up@npm:^1.0.0":
  version: 1.1.2
  resolution: "find-up@npm:1.1.2"
  dependencies:
    path-exists: ^2.0.0
    pinkie-promise: ^2.0.0
  checksum: a2cb9f4c9f06ee3a1e92ed71d5aed41ac8ae30aefa568132f6c556fac7678a5035126153b59eaec68da78ac409eef02503b2b059706bdbf232668d7245e3240a
  languageName: node
  linkType: hard

"function-bind@npm:^1.1.1":
  version: 1.1.1
  resolution: "function-bind@npm:1.1.1"
  checksum: b32fbaebb3f8ec4969f033073b43f5c8befbb58f1a79e12f1d7490358150359ebd92f49e72ff0144f65f2c48ea2a605bff2d07965f548f6474fd8efd95bf361a
  languageName: node
  linkType: hard

"get-caller-file@npm:^1.0.1":
  version: 1.0.3
  resolution: "get-caller-file@npm:1.0.3"
  checksum: 2b90a7f848896abcebcdc0acc627a435bcf05b9cd280599bc980ebfcdc222416c3df12c24c4845f69adc4346728e8966f70b758f9369f3534182791dfbc25c05
  languageName: node
  linkType: hard

"graceful-fs@npm:^4.1.2":
  version: 4.2.8
  resolution: "graceful-fs@npm:4.2.8"
  checksum: 5d224c8969ad0581d551dfabdb06882706b31af2561bd5e2034b4097e67cc27d05232849b8643866585fd0a41c7af152950f8776f4dd5579e9853733f31461c6
  languageName: node
  linkType: hard

"has@npm:^1.0.3":
  version: 1.0.3
  resolution: "has@npm:1.0.3"
  dependencies:
    function-bind: ^1.1.1
  checksum: b9ad53d53be4af90ce5d1c38331e712522417d017d5ef1ebd0507e07c2fbad8686fffb8e12ddecd4c39ca9b9b47431afbb975b8abf7f3c3b82c98e9aad052792
  languageName: node
  linkType: hard

"hosted-git-info@npm:^2.1.4":
  version: 2.8.9
  resolution: "hosted-git-info@npm:2.8.9"
  checksum: c955394bdab888a1e9bb10eb33029e0f7ce5a2ac7b3f158099dc8c486c99e73809dca609f5694b223920ca2174db33d32b12f9a2a47141dc59607c29da5a62dd
  languageName: node
  linkType: hard

"inherits@npm:^2.0.3":
  version: 2.0.4
  resolution: "inherits@npm:2.0.4"
  checksum: 4a48a733847879d6cf6691860a6b1e3f0f4754176e4d71494c41f3475553768b10f84b5ce1d40fbd0e34e6bfbb864ee35858ad4dd2cf31e02fc4a154b724d7f1
  languageName: node
  linkType: hard

"invert-kv@npm:^1.0.0":
  version: 1.0.0
  resolution: "invert-kv@npm:1.0.0"
  checksum: aebeee31dda3b3d25ffd242e9a050926e7fe5df642d60953ab183aca1a7d1ffb39922eb2618affb0e850cf2923116f0da1345367759d88d097df5da1f1e1590e
  languageName: node
  linkType: hard

"is-arrayish@npm:^0.2.1":
  version: 0.2.1
  resolution: "is-arrayish@npm:0.2.1"
  checksum: eef4417e3c10e60e2c810b6084942b3ead455af16c4509959a27e490e7aee87cfb3f38e01bbde92220b528a0ee1a18d52b787e1458ee86174d8c7f0e58cd488f
  languageName: node
  linkType: hard

"is-core-module@npm:^2.2.0":
  version: 2.8.0
  resolution: "is-core-module@npm:2.8.0"
  dependencies:
    has: ^1.0.3
  checksum: f8b52714891e1a6c6577fcb8d5e057bab064a7a30954aab6beb5092e311473eb8da57afd334de4981dc32409ffca998412efc3a2edceb9e397cef6098d21dd91
  languageName: node
  linkType: hard

"is-fullwidth-code-point@npm:^1.0.0":
  version: 1.0.0
  resolution: "is-fullwidth-code-point@npm:1.0.0"
  dependencies:
    number-is-nan: ^1.0.0
  checksum: 4d46a7465a66a8aebcc5340d3b63a56602133874af576a9ca42c6f0f4bd787a743605771c5f246db77da96605fefeffb65fc1dbe862dcc7328f4b4d03edf5a57
  languageName: node
  linkType: hard

"is-utf8@npm:^0.2.0":
  version: 0.2.1
  resolution: "is-utf8@npm:0.2.1"
  checksum: 167ccd2be869fc228cc62c1a28df4b78c6b5485d15a29027d3b5dceb09b383e86a3522008b56dcac14b592b22f0a224388718c2505027a994fd8471465de54b3
  languageName: node
  linkType: hard

"lcid@npm:^1.0.0":
  version: 1.0.0
  resolution: "lcid@npm:1.0.0"
  dependencies:
    invert-kv: ^1.0.0
  checksum: e8c7a4db07663068c5c44b650938a2bc41aa992037eebb69376214320f202c1250e70b50c32f939e28345fd30c2d35b8e8cd9a19d5932c398246a864ce54843d
  languageName: node
  linkType: hard

"load-json-file@npm:^1.0.0":
  version: 1.1.0
  resolution: "load-json-file@npm:1.1.0"
  dependencies:
    graceful-fs: ^4.1.2
    parse-json: ^2.2.0
    pify: ^2.0.0
    pinkie-promise: ^2.0.0
    strip-bom: ^2.0.0
  checksum: 0e4e4f380d897e13aa236246a917527ea5a14e4fc34d49e01ce4e7e2a1e08e2740ee463a03fb021c04f594f29a178f4adb994087549d7c1c5315fcd29bf9934b
  languageName: node
  linkType: hard

"lodash.assign@npm:^4.1.0, lodash.assign@npm:^4.2.0":
  version: 4.2.0
  resolution: "lodash.assign@npm:4.2.0"
  checksum: 75bbc6733c9f577c448031b4051f990f068802708891f94be9d4c2faffd6a9ec67a2c49671dafc908a068d35687765464853282842b4560b662e6c903d11cc90
  languageName: node
  linkType: hard

"lodash@npm:^4.17.21":
  version: 4.17.21
  resolution: "lodash@npm:4.17.21"
  checksum: eb835a2e51d381e561e508ce932ea50a8e5a68f4ebdd771ea240d3048244a8d13658acbd502cd4829768c56f2e16bdd4340b9ea141297d472517b83868e677f7
  languageName: node
  linkType: hard

"normalize-package-data@npm:^2.3.2":
  version: 2.5.0
  resolution: "normalize-package-data@npm:2.5.0"
  dependencies:
    hosted-git-info: ^2.1.4
    resolve: ^1.10.0
    semver: 2 || 3 || 4 || 5
    validate-npm-package-license: ^3.0.1
  checksum: 7999112efc35a6259bc22db460540cae06564aa65d0271e3bdfa86876d08b0e578b7b5b0028ee61b23f1cae9fc0e7847e4edc0948d3068a39a2a82853efc8499
  languageName: node
  linkType: hard

"number-is-nan@npm:^1.0.0":
  version: 1.0.1
  resolution: "number-is-nan@npm:1.0.1"
  checksum: 13656bc9aa771b96cef209ffca31c31a03b507ca6862ba7c3f638a283560620d723d52e626d57892c7fff475f4c36ac07f0600f14544692ff595abff214b9ffb
  languageName: node
  linkType: hard

"os-locale@npm:^1.4.0":
  version: 1.4.0
  resolution: "os-locale@npm:1.4.0"
  dependencies:
    lcid: ^1.0.0
  checksum: 0161a1b6b5a8492f99f4b47fe465df9fc521c55ba5414fce6444c45e2500487b8ed5b40a47a98a2363fe83ff04ab033785300ed8df717255ec4c3b625e55b1fb
  languageName: node
  linkType: hard

"packet-reader@npm:1.0.0":
  version: 1.0.0
  resolution: "packet-reader@npm:1.0.0"
  checksum: 0b7516f0cbf3e322aad591bed29ba544220088c53943145c0d9121a6f59182ad811f7fd6785a8979a34356aca69d97653689029964c5998dc02645633d88ffd7
  languageName: node
  linkType: hard

"parse-json@npm:^2.2.0":
  version: 2.2.0
  resolution: "parse-json@npm:2.2.0"
  dependencies:
    error-ex: ^1.2.0
  checksum: dda78a63e57a47b713a038630868538f718a7ca0cd172a36887b0392ccf544ed0374902eb28f8bf3409e8b71d62b79d17062f8543afccf2745f9b0b2d2bb80ca
  languageName: node
  linkType: hard

"path-exists@npm:^2.0.0":
  version: 2.1.0
  resolution: "path-exists@npm:2.1.0"
  dependencies:
    pinkie-promise: ^2.0.0
  checksum: fdb734f1d00f225f7a0033ce6d73bff6a7f76ea08936abf0e5196fa6e54a645103538cd8aedcb90d6d8c3fa3705ded0c58a4da5948ae92aa8834892c1ab44a84
  languageName: node
  linkType: hard

"path-parse@npm:^1.0.6":
  version: 1.0.7
  resolution: "path-parse@npm:1.0.7"
  checksum: 49abf3d81115642938a8700ec580da6e830dde670be21893c62f4e10bd7dd4c3742ddc603fe24f898cba7eb0c6bc1777f8d9ac14185d34540c6d4d80cd9cae8a
  languageName: node
  linkType: hard

"path-type@npm:^1.0.0":
  version: 1.1.0
  resolution: "path-type@npm:1.1.0"
  dependencies:
    graceful-fs: ^4.1.2
    pify: ^2.0.0
    pinkie-promise: ^2.0.0
  checksum: 59a4b2c0e566baf4db3021a1ed4ec09a8b36fca960a490b54a6bcefdb9987dafe772852982b6011cd09579478a96e57960a01f75fa78a794192853c9d468fc79
  languageName: node
  linkType: hard

"pg-connection-string@npm:^2.4.0, pg-connection-string@npm:^2.5.0":
  version: 2.5.0
  resolution: "pg-connection-string@npm:2.5.0"
  checksum: a6f3a068f7c9416a5b33a326811caf0dfaaee045c225b7c628b4c9b4e9a2b25bdd12a21e4c48940e1000ea223a4e608ca122d2ff3dd08c8b1db0fc9f5705133a
  languageName: node
  linkType: hard

"pg-int8@npm:1.0.1":
  version: 1.0.1
  resolution: "pg-int8@npm:1.0.1"
  checksum: a1e3a05a69005ddb73e5f324b6b4e689868a447c5fa280b44cd4d04e6916a344ac289e0b8d2695d66e8e89a7fba023affb9e0e94778770ada5df43f003d664c9
  languageName: node
  linkType: hard

"pg-pool@npm:^3.4.1":
  version: 3.4.1
  resolution: "pg-pool@npm:3.4.1"
  peerDependencies:
    pg: ">=8.0"
  checksum: 50d68bd99a5c7ca32ad93ba97462528d6a8df87c5cf5a0743a3f0946bc57be82a45025e67eb8a6e522ed25316747864e5ce043339577a71f8f430e1364da2727
  languageName: node
  linkType: hard

"pg-protocol@npm:^1.5.0":
  version: 1.5.0
  resolution: "pg-protocol@npm:1.5.0"
  checksum: b839d12cafe942ef9cbc5b13c174eb2356804fb4fe8ead8279f46a36be90722d19a91409955beb8a3d5301639c44854e49749de4aef02dc361fee3e2a61fb1e4
  languageName: node
  linkType: hard

"pg-types@npm:^2.1.0":
  version: 2.2.0
  resolution: "pg-types@npm:2.2.0"
  dependencies:
    pg-int8: 1.0.1
    postgres-array: ~2.0.0
    postgres-bytea: ~1.0.0
    postgres-date: ~1.0.4
    postgres-interval: ^1.1.0
  checksum: bf4ec3f594743442857fb3a8dfe5d2478a04c98f96a0a47365014557cbc0b4b0cee01462c79adca863b93befbf88f876299b75b72c665b5fb84a2c94fbd10316
  languageName: node
  linkType: hard

"pg@npm:^8.4.0, pg@npm:^8.5.1":
  version: 8.7.1
  resolution: "pg@npm:8.7.1"
  dependencies:
    buffer-writer: 2.0.0
    packet-reader: 1.0.0
    pg-connection-string: ^2.5.0
    pg-pool: ^3.4.1
    pg-protocol: ^1.5.0
    pg-types: ^2.1.0
    pgpass: 1.x
  peerDependencies:
    pg-native: ">=2.0.0"
  peerDependenciesMeta:
    pg-native:
      optional: true
  checksum: 3a17d9a73df9c9f5f99400751144f9d5e8dbe1948ca44f5b5eecb2166ad78cab36d070c2a97438cd3a5d1d083e70af1d3e0aad4554a45fe74b77d98ed4487242
  languageName: node
  linkType: hard

"pgpass@npm:1.x":
  version: 1.0.4
  resolution: "pgpass@npm:1.0.4"
  dependencies:
    split2: ^3.1.1
  checksum: ea4751e9ecf345f1e1deccec761a28576eb9f2775a4689e61f5c010a9a812defdd06043918dcb99ebcb503f57bfce33fe34890b12011629d2fba859c21aa2fed
  languageName: node
  linkType: hard

"pgtools@npm:^0.3.1":
  version: 0.3.2
  resolution: "pgtools@npm:0.3.2"
  dependencies:
    bluebird: ^3.3.5
    pg: ^8.4.0
    pg-connection-string: ^2.4.0
    yargs: ^5.0.0
  bin:
    createdbjs: createdb.js
    dropdbjs: dropdb.js
  checksum: 764644cde13431070e4e3558ed08b67fe73cb92d5573d0c0017f76b76cd85b25aecdf3fa948e6d50ceabf315f50ed2cfe52275d04321c274f1a00c26fe8485b4
  languageName: node
  linkType: hard

"pify@npm:^2.0.0":
  version: 2.3.0
  resolution: "pify@npm:2.3.0"
  checksum: 9503aaeaf4577acc58642ad1d25c45c6d90288596238fb68f82811c08104c800e5a7870398e9f015d82b44ecbcbef3dc3d4251a1cbb582f6e5959fe09884b2ba
  languageName: node
  linkType: hard

"pinkie-promise@npm:^2.0.0":
  version: 2.0.1
  resolution: "pinkie-promise@npm:2.0.1"
  dependencies:
    pinkie: ^2.0.0
  checksum: b53a4a2e73bf56b6f421eef711e7bdcb693d6abb474d57c5c413b809f654ba5ee750c6a96dd7225052d4b96c4d053cdcb34b708a86fceed4663303abee52fcca
  languageName: node
  linkType: hard

"pinkie@npm:^2.0.0":
  version: 2.0.4
  resolution: "pinkie@npm:2.0.4"
  checksum: b12b10afea1177595aab036fc220785488f67b4b0fc49e7a27979472592e971614fa1c728e63ad3e7eb748b4ec3c3dbd780819331dad6f7d635c77c10537b9db
  languageName: node
  linkType: hard

"postgres-array@npm:~2.0.0":
  version: 2.0.0
  resolution: "postgres-array@npm:2.0.0"
  checksum: 0e1e659888147c5de579d229a2d95c0d83ebdbffc2b9396d890a123557708c3b758a0a97ed305ce7f58edfa961fa9f0bbcd1ea9f08b6e5df73322e683883c464
  languageName: node
  linkType: hard

"postgres-bytea@npm:~1.0.0":
  version: 1.0.0
  resolution: "postgres-bytea@npm:1.0.0"
  checksum: d844ae4ca7a941b70e45cac1261a73ee8ed39d72d3d74ab1d645248185a1b7f0ac91a3c63d6159441020f4e1f7fe64689ac56536a307b31cef361e5187335090
  languageName: node
  linkType: hard

"postgres-date@npm:~1.0.4":
  version: 1.0.7
  resolution: "postgres-date@npm:1.0.7"
  checksum: 5745001d47e51cd767e46bcb1710649cd705d91a24d42fa661c454b6dcbb7353c066a5047983c90a626cd3bbfea9e626cc6fa84a35ec57e5bbb28b49f78e13ed
  languageName: node
  linkType: hard

"postgres-interval@npm:^1.1.0":
  version: 1.2.0
  resolution: "postgres-interval@npm:1.2.0"
  dependencies:
    xtend: ^4.0.0
  checksum: 746b71f93805ae33b03528e429dc624706d1f9b20ee81bf743263efb6a0cd79ae02a642a8a480dbc0f09547b4315ab7df6ce5ec0be77ed700bac42730f5c76b2
  languageName: node
  linkType: hard

"read-pkg-up@npm:^1.0.1":
  version: 1.0.1
  resolution: "read-pkg-up@npm:1.0.1"
  dependencies:
    find-up: ^1.0.0
    read-pkg: ^1.0.0
  checksum: d18399a0f46e2da32beb2f041edd0cda49d2f2cc30195a05c759ef3ed9b5e6e19ba1ad1bae2362bdec8c6a9f2c3d18f4d5e8c369e808b03d498d5781cb9122c7
  languageName: node
  linkType: hard

"read-pkg@npm:^1.0.0":
  version: 1.1.0
  resolution: "read-pkg@npm:1.1.0"
  dependencies:
    load-json-file: ^1.0.0
    normalize-package-data: ^2.3.2
    path-type: ^1.0.0
  checksum: a0f5d5e32227ec8e6a028dd5c5134eab229768dcb7a5d9a41a284ed28ad4b9284fecc47383dc1593b5694f4de603a7ffaee84b738956b9b77e0999567485a366
  languageName: node
  linkType: hard

"readable-stream@npm:^3.0.0":
  version: 3.6.0
  resolution: "readable-stream@npm:3.6.0"
  dependencies:
    inherits: ^2.0.3
    string_decoder: ^1.1.1
    util-deprecate: ^1.0.1
  checksum: d4ea81502d3799439bb955a3a5d1d808592cf3133350ed352aeaa499647858b27b1c4013984900238b0873ec8d0d8defce72469fb7a83e61d53f5ad61cb80dc8
  languageName: node
  linkType: hard

"require-directory@npm:^2.1.1":
  version: 2.1.1
  resolution: "require-directory@npm:2.1.1"
  checksum: fb47e70bf0001fdeabdc0429d431863e9475e7e43ea5f94ad86503d918423c1543361cc5166d713eaa7029dd7a3d34775af04764bebff99ef413111a5af18c80
  languageName: node
  linkType: hard

"require-main-filename@npm:^1.0.1":
  version: 1.0.1
  resolution: "require-main-filename@npm:1.0.1"
  checksum: 1fef30754da961f4e13c450c3eb60c7ae898a529c6ad6fa708a70bd2eed01564ceb299187b2899f5562804d797a059f39a5789884d0ac7b7ae1defc68fba4abf
  languageName: node
  linkType: hard

"resolve@npm:^1.10.0":
  version: 1.20.0
  resolution: "resolve@npm:1.20.0"
  dependencies:
    is-core-module: ^2.2.0
    path-parse: ^1.0.6
  checksum: 40cf70b2cde00ef57f99daf2dc63c6a56d6c14a1b7fc51735d06a6f0a3b97cb67b4fb7ef6c747b4e13a7baba83b0ef625d7c4ce92a483cd5af923c3b65fd16fe
  languageName: node
  linkType: hard

"resolve@patch:resolve@^1.10.0#~builtin<compat/resolve>":
  version: 1.20.0
  resolution: "resolve@patch:resolve@npm%3A1.20.0#~builtin<compat/resolve>::version=1.20.0&hash=07638b"
  dependencies:
    is-core-module: ^2.2.0
    path-parse: ^1.0.6
  checksum: a0dd7d16a8e47af23afa9386df2dff10e3e0debb2c7299a42e581d9d9b04d7ad5d2c53f24f1e043f7b3c250cbdc71150063e53d0b6559683d37f790b7c8c3cd5
  languageName: node
  linkType: hard

"safe-buffer@npm:~5.2.0":
  version: 5.2.1
  resolution: "safe-buffer@npm:5.2.1"
  checksum: b99c4b41fdd67a6aaf280fcd05e9ffb0813654894223afb78a31f14a19ad220bba8aba1cb14eddce1fcfb037155fe6de4e861784eb434f7d11ed58d1e70dd491
  languageName: node
  linkType: hard

"semver@npm:2 || 3 || 4 || 5":
  version: 5.7.1
  resolution: "semver@npm:5.7.1"
  bin:
    semver: ./bin/semver
  checksum: 57fd0acfd0bac382ee87cd52cd0aaa5af086a7dc8d60379dfe65fea491fb2489b6016400813930ecd61fd0952dae75c115287a1b16c234b1550887117744dfaf
  languageName: node
  linkType: hard

"set-blocking@npm:^2.0.0":
  version: 2.0.0
  resolution: "set-blocking@npm:2.0.0"
  checksum: 6e65a05f7cf7ebdf8b7c75b101e18c0b7e3dff4940d480efed8aad3a36a4005140b660fa1d804cb8bce911cac290441dc728084a30504d3516ac2ff7ad607b02
  languageName: node
  linkType: hard

"spdx-correct@npm:^3.0.0":
  version: 3.1.1
  resolution: "spdx-correct@npm:3.1.1"
  dependencies:
    spdx-expression-parse: ^3.0.0
    spdx-license-ids: ^3.0.0
  checksum: 77ce438344a34f9930feffa61be0eddcda5b55fc592906ef75621d4b52c07400a97084d8701557b13f7d2aae0cb64f808431f469e566ef3fe0a3a131dcb775a6
  languageName: node
  linkType: hard

"spdx-exceptions@npm:^2.1.0":
  version: 2.3.0
  resolution: "spdx-exceptions@npm:2.3.0"
  checksum: cb69a26fa3b46305637123cd37c85f75610e8c477b6476fa7354eb67c08128d159f1d36715f19be6f9daf4b680337deb8c65acdcae7f2608ba51931540687ac0
  languageName: node
  linkType: hard

"spdx-expression-parse@npm:^3.0.0":
  version: 3.0.1
  resolution: "spdx-expression-parse@npm:3.0.1"
  dependencies:
    spdx-exceptions: ^2.1.0
    spdx-license-ids: ^3.0.0
  checksum: a1c6e104a2cbada7a593eaa9f430bd5e148ef5290d4c0409899855ce8b1c39652bcc88a725259491a82601159d6dc790bedefc9016c7472f7de8de7361f8ccde
  languageName: node
  linkType: hard

"spdx-license-ids@npm:^3.0.0":
  version: 3.0.11
  resolution: "spdx-license-ids@npm:3.0.11"
  checksum: 1da1acb090257773e60b022094050e810ae9fec874dc1461f65dc0400cd42dd830ab2df6e64fb49c2db3dce386dd0362110780e1b154db7c0bb413488836aaeb
  languageName: node
  linkType: hard

"split2@npm:^3.1.1":
  version: 3.2.2
  resolution: "split2@npm:3.2.2"
  dependencies:
    readable-stream: ^3.0.0
  checksum: 8127ddbedd0faf31f232c0e9192fede469913aa8982aa380752e0463b2e31c2359ef6962eb2d24c125bac59eeec76873678d723b1c7ff696216a1cd071e3994a
  languageName: node
  linkType: hard

"string-width@npm:^1.0.1, string-width@npm:^1.0.2":
  version: 1.0.2
  resolution: "string-width@npm:1.0.2"
  dependencies:
    code-point-at: ^1.0.0
    is-fullwidth-code-point: ^1.0.0
    strip-ansi: ^3.0.0
  checksum: 5c79439e95bc3bd7233a332c5f5926ab2ee90b23816ed4faa380ce3b2576d7800b0a5bb15ae88ed28737acc7ea06a518c2eef39142dd727adad0e45c776cd37e
  languageName: node
  linkType: hard

"string_decoder@npm:^1.1.1":
  version: 1.3.0
  resolution: "string_decoder@npm:1.3.0"
  dependencies:
    safe-buffer: ~5.2.0
  checksum: 8417646695a66e73aefc4420eb3b84cc9ffd89572861fe004e6aeb13c7bc00e2f616247505d2dbbef24247c372f70268f594af7126f43548565c68c117bdeb56
  languageName: node
  linkType: hard

"strip-ansi@npm:^3.0.0, strip-ansi@npm:^3.0.1":
  version: 3.0.1
  resolution: "strip-ansi@npm:3.0.1"
  dependencies:
    ansi-regex: ^2.0.0
  checksum: 9b974de611ce5075c70629c00fa98c46144043db92ae17748fb780f706f7a789e9989fd10597b7c2053ae8d1513fd707816a91f1879b2f71e6ac0b6a863db465
  languageName: node
  linkType: hard

"strip-bom@npm:^2.0.0":
  version: 2.0.0
  resolution: "strip-bom@npm:2.0.0"
  dependencies:
    is-utf8: ^0.2.0
  checksum: 08efb746bc67b10814cd03d79eb31bac633393a782e3f35efbc1b61b5165d3806d03332a97f362822cf0d4dd14ba2e12707fcff44fe1c870c48a063a0c9e4944
  languageName: node
  linkType: hard

"util-deprecate@npm:^1.0.1":
  version: 1.0.2
  resolution: "util-deprecate@npm:1.0.2"
  checksum: 474acf1146cb2701fe3b074892217553dfcf9a031280919ba1b8d651a068c9b15d863b7303cb15bd00a862b498e6cf4ad7b4a08fb134edd5a6f7641681cb54a2
  languageName: node
  linkType: hard

"validate-npm-package-license@npm:^3.0.1":
  version: 3.0.4
  resolution: "validate-npm-package-license@npm:3.0.4"
  dependencies:
    spdx-correct: ^3.0.0
    spdx-expression-parse: ^3.0.0
  checksum: 35703ac889d419cf2aceef63daeadbe4e77227c39ab6287eeb6c1b36a746b364f50ba22e88591f5d017bc54685d8137bc2d328d0a896e4d3fd22093c0f32a9ad
  languageName: node
  linkType: hard

"which-module@npm:^1.0.0":
  version: 1.0.0
  resolution: "which-module@npm:1.0.0"
  checksum: 98434f7deb36350cb543c1f15612188541737e1f12d39b23b1c371dff5cf4aa4746210f2bdec202d5fe9da8682adaf8e3f7c44c520687d30948cfc59d5534edb
  languageName: node
  linkType: hard

"window-size@npm:^0.2.0":
  version: 0.2.0
  resolution: "window-size@npm:0.2.0"
  bin:
    window-size: cli.js
  checksum: a85e2acf156cfa194301294809867bdadd8a48ee5d972d9fa8e3e1b3420a1d0201b13ac8eb0348a0d14bbf2c3316565b6a749749c2384c5d286caf8a064c4f90
  languageName: node
  linkType: hard

"wrap-ansi@npm:^2.0.0":
  version: 2.1.0
  resolution: "wrap-ansi@npm:2.1.0"
  dependencies:
    string-width: ^1.0.1
    strip-ansi: ^3.0.1
  checksum: 2dacd4b3636f7a53ee13d4d0fe7fa2ed9ad81e9967e17231924ea88a286ec4619a78288de8d41881ee483f4449ab2c0287cde8154ba1bd0126c10271101b2ee3
  languageName: node
  linkType: hard

"xtend@npm:^4.0.0":
  version: 4.0.2
  resolution: "xtend@npm:4.0.2"
  checksum: ac5dfa738b21f6e7f0dd6e65e1b3155036d68104e67e5d5d1bde74892e327d7e5636a076f625599dc394330a731861e87343ff184b0047fef1360a7ec0a5a36a
  languageName: node
  linkType: hard

"y18n@npm:^3.2.1":
  version: 3.2.2
  resolution: "y18n@npm:3.2.2"
  checksum: 6154fd7544f8bbf5b18cdf77692ed88d389be49c87238ecb4e0d6a5276446cd2a5c29cc4bdbdddfc7e4e498b08df9d7e38df4a1453cf75eecfead392246ea74a
  languageName: node
  linkType: hard

"yargs-parser@npm:^3.2.0":
  version: 3.2.0
  resolution: "yargs-parser@npm:3.2.0"
  dependencies:
    camelcase: ^3.0.0
    lodash.assign: ^4.1.0
  checksum: d86fd69816a28a617f4cad21f7bfe7f7c931b16d063c73449cd914db409b8d5981a0f29f9e2a05014a7229164aa47336adf5a8856fa9870ab892346d29138e9a
  languageName: node
  linkType: hard

"yargs@npm:^5.0.0":
  version: 5.0.0
  resolution: "yargs@npm:5.0.0"
  dependencies:
    cliui: ^3.2.0
    decamelize: ^1.1.1
    get-caller-file: ^1.0.1
    lodash.assign: ^4.2.0
    os-locale: ^1.4.0
    read-pkg-up: ^1.0.1
    require-directory: ^2.1.1
    require-main-filename: ^1.0.1
    set-blocking: ^2.0.0
    string-width: ^1.0.2
    which-module: ^1.0.0
    window-size: ^0.2.0
    y18n: ^3.2.1
    yargs-parser: ^3.2.0
  checksum: 478e9c8562c5cf5b9c2efc7c917e0b00c489cc50153d5d911ab68767c2cfddaf0b5bd4e04d6fefc00cb1d8f6263eab1d73df79a24d650ba95f5d45c819a1585a
  languageName: node
  linkType: hard
